// !$*UTF8*$!
{
	archiveVersion = 1;
	classes = {
	};
	objectVersion = 56;
	objects = {

/* Begin PBXBuildFile section */
		63D030332A07B36E0099D399 /* AppDelegate.swift in Sources */ = {isa = PBXBuildFile; fileRef = 63D030322A07B36E0099D399 /* AppDelegate.swift */; };
		63D030352A07B36E0099D399 /* SceneDelegate.swift in Sources */ = {isa = PBXBuildFile; fileRef = 63D030342A07B36E0099D399 /* SceneDelegate.swift */; };
		63D030372A07B36E0099D399 /* ViewController.swift in Sources */ = {isa = PBXBuildFile; fileRef = 63D030362A07B36E0099D399 /* ViewController.swift */; };
		63D0303A2A07B36E0099D399 /* Main.storyboard in Resources */ = {isa = PBXBuildFile; fileRef = 63D030382A07B36E0099D399 /* Main.storyboard */; };
		63D0303C2A07B36F0099D399 /* Assets.xcassets in Resources */ = {isa = PBXBuildFile; fileRef = 63D0303B2A07B36F0099D399 /* Assets.xcassets */; };
		63D0303F2A07B36F0099D399 /* LaunchScreen.storyboard in Resources */ = {isa = PBXBuildFile; fileRef = 63D0303D2A07B36F0099D399 /* LaunchScreen.storyboard */; };
		63D030482A07C7AA0099D399 /* AEDynamicTypeViewController.swift in Sources */ = {isa = PBXBuildFile; fileRef = 63D030472A07C7AA0099D399 /* AEDynamicTypeViewController.swift */; };
		63D0304E2A07D5520099D399 /* AECustomMessageViewController.swift in Sources */ = {isa = PBXBuildFile; fileRef = 63D030492A07D5520099D399 /* AECustomMessageViewController.swift */; };
		63D0304F2A07D5520099D399 /* AEViewGroupingViewController.swift in Sources */ = {isa = PBXBuildFile; fileRef = 63D0304A2A07D5520099D399 /* AEViewGroupingViewController.swift */; };
		63D030502A07D5520099D399 /* AEViewTraitViewController.swift in Sources */ = {isa = PBXBuildFile; fileRef = 63D0304B2A07D5520099D399 /* AEViewTraitViewController.swift */; };
		63D030512A07D5520099D399 /* AEViewFocusViewController.swift in Sources */ = {isa = PBXBuildFile; fileRef = 63D0304C2A07D5520099D399 /* AEViewFocusViewController.swift */; };
		63D030522A07D5520099D399 /* AEAdhocAnnounceViewController.swift in Sources */ = {isa = PBXBuildFile; fileRef = 63D0304D2A07D5520099D399 /* AEAdhocAnnounceViewController.swift */; };
		63D030592A095C730099D399 /* AEChartViewController.swift in Sources */ = {isa = PBXBuildFile; fileRef = 63D030582A095C730099D399 /* AEChartViewController.swift */; };
		63D0305E2A0960AF0099D399 /* Charts in Frameworks */ = {isa = PBXBuildFile; productRef = 63D0305D2A0960AF0099D399 /* Charts */; };
/* End PBXBuildFile section */

/* Begin PBXFileReference section */
		63D0302F2A07B36E0099D399 /* AccessibilityExample.app */ = {isa = PBXFileReference; explicitFileType = wrapper.application; includeInIndex = 0; path = AccessibilityExample.app; sourceTree = BUILT_PRODUCTS_DIR; };
		63D030322A07B36E0099D399 /* AppDelegate.swift */ = {isa = PBXFileReference; lastKnownFileType = sourcecode.swift; path = AppDelegate.swift; sourceTree = "<group>"; };
		63D030342A07B36E0099D399 /* SceneDelegate.swift */ = {isa = PBXFileReference; lastKnownFileType = sourcecode.swift; path = SceneDelegate.swift; sourceTree = "<group>"; };
		63D030362A07B36E0099D399 /* ViewController.swift */ = {isa = PBXFileReference; lastKnownFileType = sourcecode.swift; path = ViewController.swift; sourceTree = "<group>"; };
		63D030392A07B36E0099D399 /* Base */ = {isa = PBXFileReference; lastKnownFileType = file.storyboard; name = Base; path = Base.lproj/Main.storyboard; sourceTree = "<group>"; };
		63D0303B2A07B36F0099D399 /* Assets.xcassets */ = {isa = PBXFileReference; lastKnownFileType = folder.assetcatalog; path = Assets.xcassets; sourceTree = "<group>"; };
		63D0303E2A07B36F0099D399 /* Base */ = {isa = PBXFileReference; lastKnownFileType = file.storyboard; name = Base; path = Base.lproj/LaunchScreen.storyboard; sourceTree = "<group>"; };
		63D030402A07B36F0099D399 /* Info.plist */ = {isa = PBXFileReference; lastKnownFileType = text.plist.xml; path = Info.plist; sourceTree = "<group>"; };
		63D030472A07C7AA0099D399 /* AEDynamicTypeViewController.swift */ = {isa = PBXFileReference; lastKnownFileType = sourcecode.swift; path = AEDynamicTypeViewController.swift; sourceTree = "<group>"; };
		63D030492A07D5520099D399 /* AECustomMessageViewController.swift */ = {isa = PBXFileReference; fileEncoding = 4; lastKnownFileType = sourcecode.swift; path = AECustomMessageViewController.swift; sourceTree = "<group>"; };
		63D0304A2A07D5520099D399 /* AEViewGroupingViewController.swift */ = {isa = PBXFileReference; fileEncoding = 4; lastKnownFileType = sourcecode.swift; path = AEViewGroupingViewController.swift; sourceTree = "<group>"; };
		63D0304B2A07D5520099D399 /* AEViewTraitViewController.swift */ = {isa = PBXFileReference; fileEncoding = 4; lastKnownFileType = sourcecode.swift; path = AEViewTraitViewController.swift; sourceTree = "<group>"; };
		63D0304C2A07D5520099D399 /* AEViewFocusViewController.swift */ = {isa = PBXFileReference; fileEncoding = 4; lastKnownFileType = sourcecode.swift; path = AEViewFocusViewController.swift; sourceTree = "<group>"; };
		63D0304D2A07D5520099D399 /* AEAdhocAnnounceViewController.swift */ = {isa = PBXFileReference; fileEncoding = 4; lastKnownFileType = sourcecode.swift; path = AEAdhocAnnounceViewController.swift; sourceTree = "<group>"; };
		63D030582A095C730099D399 /* AEChartViewController.swift */ = {isa = PBXFileReference; lastKnownFileType = sourcecode.swift; path = AEChartViewController.swift; sourceTree = "<group>"; };
/* End PBXFileReference section */

/* Begin PBXFrameworksBuildPhase section */
		63D0302C2A07B36E0099D399 /* Frameworks */ = {
			isa = PBXFrameworksBuildPhase;
			buildActionMask = 2147483647;
			files = (
				63D0305E2A0960AF0099D399 /* Charts in Frameworks */,
			);
			runOnlyForDeploymentPostprocessing = 0;
		};
/* End PBXFrameworksBuildPhase section */

/* Begin PBXGroup section */
		63D030262A07B36E0099D399 = {
			isa = PBXGroup;
			children = (
				63D030312A07B36E0099D399 /* AccessibilityExample */,
				63D030302A07B36E0099D399 /* Products */,
			);
			sourceTree = "<group>";
		};
		63D030302A07B36E0099D399 /* Products */ = {
			isa = PBXGroup;
			children = (
				63D0302F2A07B36E0099D399 /* AccessibilityExample.app */,
			);
			name = Products;
			sourceTree = "<group>";
		};
		63D030312A07B36E0099D399 /* AccessibilityExample */ = {
			isa = PBXGroup;
			children = (
				63D030462A07C7970099D399 /* Example */,
				63D030322A07B36E0099D399 /* AppDelegate.swift */,
				63D030342A07B36E0099D399 /* SceneDelegate.swift */,
				63D030362A07B36E0099D399 /* ViewController.swift */,
				63D030382A07B36E0099D399 /* Main.storyboard */,
				63D0303B2A07B36F0099D399 /* Assets.xcassets */,
				63D0303D2A07B36F0099D399 /* LaunchScreen.storyboard */,
				63D030402A07B36F0099D399 /* Info.plist */,
			);
			path = AccessibilityExample;
			sourceTree = "<group>";
		};
		63D030462A07C7970099D399 /* Example */ = {
			isa = PBXGroup;
			children = (
				63D030472A07C7AA0099D399 /* AEDynamicTypeViewController.swift */,
				63D030492A07D5520099D399 /* AECustomMessageViewController.swift */,
				63D0304D2A07D5520099D399 /* AEAdhocAnnounceViewController.swift */,
				63D0304C2A07D5520099D399 /* AEViewFocusViewController.swift */,
				63D0304A2A07D5520099D399 /* AEViewGroupingViewController.swift */,
				63D0304B2A07D5520099D399 /* AEViewTraitViewController.swift */,
				63D030582A095C730099D399 /* AEChartViewController.swift */,
			);
			path = Example;
			sourceTree = "<group>";
		};
/* End PBXGroup section */

/* Begin PBXNativeTarget section */
		63D0302E2A07B36E0099D399 /* AccessibilityExample */ = {
			isa = PBXNativeTarget;
			buildConfigurationList = 63D030432A07B36F0099D399 /* Build configuration list for PBXNativeTarget "AccessibilityExample" */;
			buildPhases = (
				63D0302B2A07B36E0099D399 /* Sources */,
				63D0302C2A07B36E0099D399 /* Frameworks */,
				63D0302D2A07B36E0099D399 /* Resources */,
			);
			buildRules = (
			);
			dependencies = (
			);
			name = AccessibilityExample;
			packageProductDependencies = (
				63D0305D2A0960AF0099D399 /* Charts */,
			);
			productName = AccessibilityExample;
			productReference = 63D0302F2A07B36E0099D399 /* AccessibilityExample.app */;
			productType = "com.apple.product-type.application";
		};
/* End PBXNativeTarget section */

/* Begin PBXProject section */
		63D030272A07B36E0099D399 /* Project object */ = {
			isa = PBXProject;
			attributes = {
				BuildIndependentTargetsInParallel = 1;
				LastSwiftUpdateCheck = 1430;
				LastUpgradeCheck = 1430;
				TargetAttributes = {
					63D0302E2A07B36E0099D399 = {
						CreatedOnToolsVersion = 14.3;
					};
				};
			};
			buildConfigurationList = 63D0302A2A07B36E0099D399 /* Build configuration list for PBXProject "AccessibilityExample" */;
			compatibilityVersion = "Xcode 14.0";
			developmentRegion = en;
			hasScannedForEncodings = 0;
			knownRegions = (
				en,
				Base,
			);
			mainGroup = 63D030262A07B36E0099D399;
			packageReferences = (
				63D0305C2A0960AF0099D399 /* XCRemoteSwiftPackageReference "Charts" */,
			);
			productRefGroup = 63D030302A07B36E0099D399 /* Products */;
			projectDirPath = "";
			projectRoot = "";
			targets = (
				63D0302E2A07B36E0099D399 /* AccessibilityExample */,
			);
		};
/* End PBXProject section */

/* Begin PBXResourcesBuildPhase section */
		63D0302D2A07B36E0099D399 /* Resources */ = {
			isa = PBXResourcesBuildPhase;
			buildActionMask = 2147483647;
			files = (
				63D0303F2A07B36F0099D399 /* LaunchScreen.storyboard in Resources */,
				63D0303C2A07B36F0099D399 /* Assets.xcassets in Resources */,
				63D0303A2A07B36E0099D399 /* Main.storyboard in Resources */,
			);
			runOnlyForDeploymentPostprocessing = 0;
		};
/* End PBXResourcesBuildPhase section */

/* Begin PBXSourcesBuildPhase section */
		63D0302B2A07B36E0099D399 /* Sources */ = {
			isa = PBXSourcesBuildPhase;
			buildActionMask = 2147483647;
			files = (
				63D030372A07B36E0099D399 /* ViewController.swift in Sources */,
				63D030592A095C730099D399 /* AEChartViewController.swift in Sources */,
				63D030332A07B36E0099D399 /* AppDelegate.swift in Sources */,
				63D030522A07D5520099D399 /* AEAdhocAnnounceViewController.swift in Sources */,
				63D030512A07D5520099D399 /* AEViewFocusViewController.swift in Sources */,
				63D0304F2A07D5520099D399 /* AEViewGroupingViewController.swift in Sources */,
				63D030502A07D5520099D399 /* AEViewTraitViewController.swift in Sources */,
				63D030482A07C7AA0099D399 /* AEDynamicTypeViewController.swift in Sources */,
				63D030352A07B36E0099D399 /* SceneDelegate.swift in Sources */,
				63D0304E2A07D5520099D399 /* AECustomMessageViewController.swift in Sources */,
			);
			runOnlyForDeploymentPostprocessing = 0;
		};
/* End PBXSourcesBuildPhase section */

/* Begin PBXVariantGroup section */
		63D030382A07B36E0099D399 /* Main.storyboard */ = {
			isa = PBXVariantGroup;
			children = (
				63D030392A07B36E0099D399 /* Base */,
			);
			name = Main.storyboard;
			sourceTree = "<group>";
		};
		63D0303D2A07B36F0099D399 /* LaunchScreen.storyboard */ = {
			isa = PBXVariantGroup;
			children = (
				63D0303E2A07B36F0099D399 /* Base */,
			);
			name = LaunchScreen.storyboard;
			sourceTree = "<group>";
		};
/* End PBXVariantGroup section */

/* Begin XCBuildConfiguration section */
		63D030412A07B36F0099D399 /* Debug */ = {
			isa = XCBuildConfiguration;
			buildSettings = {
				ALWAYS_SEARCH_USER_PATHS = NO;
				CLANG_ANALYZER_NONNULL = YES;
				CLANG_ANALYZER_NUMBER_OBJECT_CONVERSION = YES_AGGRESSIVE;
				CLANG_CXX_LANGUAGE_STANDARD = "gnu++20";
				CLANG_ENABLE_MODULES = YES;
				CLANG_ENABLE_OBJC_ARC = YES;
				CLANG_ENABLE_OBJC_WEAK = YES;
				CLANG_WARN_BLOCK_CAPTURE_AUTORELEASING = YES;
				CLANG_WARN_BOOL_CONVERSION = YES;
				CLANG_WARN_COMMA = YES;
				CLANG_WARN_CONSTANT_CONVERSION = YES;
				CLANG_WARN_DEPRECATED_OBJC_IMPLEMENTATIONS = YES;
				CLANG_WARN_DIRECT_OBJC_ISA_USAGE = YES_ERROR;
				CLANG_WARN_DOCUMENTATION_COMMENTS = YES;
				CLANG_WARN_EMPTY_BODY = YES;
				CLANG_WARN_ENUM_CONVERSION = YES;
				CLANG_WARN_INFINITE_RECURSION = YES;
				CLANG_WARN_INT_CONVERSION = YES;
				CLANG_WARN_NON_LITERAL_NULL_CONVERSION = YES;
				CLANG_WARN_OBJC_IMPLICIT_RETAIN_SELF = YES;
				CLANG_WARN_OBJC_LITERAL_CONVERSION = YES;
				CLANG_WARN_OBJC_ROOT_CLASS = YES_ERROR;
				CLANG_WARN_QUOTED_INCLUDE_IN_FRAMEWORK_HEADER = YES;
				CLANG_WARN_RANGE_LOOP_ANALYSIS = YES;
				CLANG_WARN_STRICT_PROTOTYPES = YES;
				CLANG_WARN_SUSPICIOUS_MOVE = YES;
				CLANG_WARN_UNGUARDED_AVAILABILITY = YES_AGGRESSIVE;
				CLANG_WARN_UNREACHABLE_CODE = YES;
				CLANG_WARN__DUPLICATE_METHOD_MATCH = YES;
				COPY_PHASE_STRIP = NO;
				DEBUG_INFORMATION_FORMAT = dwarf;
				ENABLE_STRICT_OBJC_MSGSEND = YES;
				ENABLE_TESTABILITY = YES;
				GCC_C_LANGUAGE_STANDARD = gnu11;
				GCC_DYNAMIC_NO_PIC = NO;
				GCC_NO_COMMON_BLOCKS = YES;
				GCC_OPTIMIZATION_LEVEL = 0;
				GCC_PREPROCESSOR_DEFINITIONS = (
					"DEBUG=1",
					"$(inherited)",
				);
				GCC_WARN_64_TO_32_BIT_CONVERSION = YES;
				GCC_WARN_ABOUT_RETURN_TYPE = YES_ERROR;
				GCC_WARN_UNDECLARED_SELECTOR = YES;
				GCC_WARN_UNINITIALIZED_AUTOS = YES_AGGRESSIVE;
				GCC_WARN_UNUSED_FUNCTION = YES;
				GCC_WARN_UNUSED_VARIABLE = YES;
				IPHONEOS_DEPLOYMENT_TARGET = 16.4;
				MTL_ENABLE_DEBUG_INFO = INCLUDE_SOURCE;
				MTL_FAST_MATH = YES;
				ONLY_ACTIVE_ARCH = YES;
				SDKROOT = iphoneos;
				SWIFT_ACTIVE_COMPILATION_CONDITIONS = DEBUG;
				SWIFT_OPTIMIZATION_LEVEL = "-Onone";
			};
			name = Debug;
		};
		63D030422A07B36F0099D399 /* Release */ = {
			isa = XCBuildConfiguration;
			buildSettings = {
				ALWAYS_SEARCH_USER_PATHS = NO;
				CLANG_ANALYZER_NONNULL = YES;
				CLANG_ANALYZER_NUMBER_OBJECT_CONVERSION = YES_AGGRESSIVE;
				CLANG_CXX_LANGUAGE_STANDARD = "gnu++20";
				CLANG_ENABLE_MODULES = YES;
				CLANG_ENABLE_OBJC_ARC = YES;
				CLANG_ENABLE_OBJC_WEAK = YES;
				CLANG_WARN_BLOCK_CAPTURE_AUTORELEASING = YES;
				CLANG_WARN_BOOL_CONVERSION = YES;
				CLANG_WARN_COMMA = YES;
				CLANG_WARN_CONSTANT_CONVERSION = YES;
				CLANG_WARN_DEPRECATED_OBJC_IMPLEMENTATIONS = YES;
				CLANG_WARN_DIRECT_OBJC_ISA_USAGE = YES_ERROR;
				CLANG_WARN_DOCUMENTATION_COMMENTS = YES;
				CLANG_WARN_EMPTY_BODY = YES;
				CLANG_WARN_ENUM_CONVERSION = YES;
				CLANG_WARN_INFINITE_RECURSION = YES;
				CLANG_WARN_INT_CONVERSION = YES;
				CLANG_WARN_NON_LITERAL_NULL_CONVERSION = YES;
				CLANG_WARN_OBJC_IMPLICIT_RETAIN_SELF = YES;
				CLANG_WARN_OBJC_LITERAL_CONVERSION = YES;
				CLANG_WARN_OBJC_ROOT_CLASS = YES_ERROR;
				CLANG_WARN_QUOTED_INCLUDE_IN_FRAMEWORK_HEADER = YES;
				CLANG_WARN_RANGE_LOOP_ANALYSIS = YES;
				CLANG_WARN_STRICT_PROTOTYPES = YES;
				CLANG_WARN_SUSPICIOUS_MOVE = YES;
				CLANG_WARN_UNGUARDED_AVAILABILITY = YES_AGGRESSIVE;
				CLANG_WARN_UNREACHABLE_CODE = YES;
				CLANG_WARN__DUPLICATE_METHOD_MATCH = YES;
				COPY_PHASE_STRIP = NO;
				DEBUG_INFORMATION_FORMAT = "dwarf-with-dsym";
				ENABLE_NS_ASSERTIONS = NO;
				ENABLE_STRICT_OBJC_MSGSEND = YES;
				GCC_C_LANGUAGE_STANDARD = gnu11;
				GCC_NO_COMMON_BLOCKS = YES;
				GCC_WARN_64_TO_32_BIT_CONVERSION = YES;
				GCC_WARN_ABOUT_RETURN_TYPE = YES_ERROR;
				GCC_WARN_UNDECLARED_SELECTOR = YES;
				GCC_WARN_UNINITIALIZED_AUTOS = YES_AGGRESSIVE;
				GCC_WARN_UNUSED_FUNCTION = YES;
				GCC_WARN_UNUSED_VARIABLE = YES;
				IPHONEOS_DEPLOYMENT_TARGET = 16.4;
				MTL_ENABLE_DEBUG_INFO = NO;
				MTL_FAST_MATH = YES;
				SDKROOT = iphoneos;
				SWIFT_COMPILATION_MODE = wholemodule;
				SWIFT_OPTIMIZATION_LEVEL = "-O";
				VALIDATE_PRODUCT = YES;
			};
			name = Release;
		};
		63D030442A07B36F0099D399 /* Debug */ = {
			isa = XCBuildConfiguration;
			buildSettings = {
				ASSETCATALOG_COMPILER_APPICON_NAME = AppIcon;
				ASSETCATALOG_COMPILER_GLOBAL_ACCENT_COLOR_NAME = AccentColor;
				CODE_SIGN_STYLE = Automatic;
				CURRENT_PROJECT_VERSION = 1;
				DEVELOPMENT_TEAM = QL4PG3Q6D4;
				GENERATE_INFOPLIST_FILE = YES;
				INFOPLIST_FILE = AccessibilityExample/Info.plist;
				INFOPLIST_KEY_UIApplicationSupportsIndirectInputEvents = YES;
				INFOPLIST_KEY_UILaunchStoryboardName = LaunchScreen;
				INFOPLIST_KEY_UIMainStoryboardFile = Main;
				INFOPLIST_KEY_UISupportedInterfaceOrientations_iPad = "UIInterfaceOrientationPortrait UIInterfaceOrientationPortraitUpsideDown UIInterfaceOrientationLandscapeLeft UIInterfaceOrientationLandscapeRight";
				INFOPLIST_KEY_UISupportedInterfaceOrientations_iPhone = "UIInterfaceOrientationPortrait UIInterfaceOrientationLandscapeLeft UIInterfaceOrientationLandscapeRight";
				INFOPLIST_KEY_UIUserInterfaceStyle = Light;
				LD_RUNPATH_SEARCH_PATHS = (
					"$(inherited)",
					"@executable_path/Frameworks",
				);
				MARKETING_VERSION = 1.0;
				PRODUCT_BUNDLE_IDENTIFIER = com.nelsoft.AccessibilityExample;
				PRODUCT_NAME = "$(TARGET_NAME)";
				SWIFT_EMIT_LOC_STRINGS = YES;
				SWIFT_VERSION = 5.0;
				TARGETED_DEVICE_FAMILY = "1,2";
			};
			name = Debug;
		};
		63D030452A07B36F0099D399 /* Release */ = {
			isa = XCBuildConfiguration;
			buildSettings = {
				ASSETCATALOG_COMPILER_APPICON_NAME = AppIcon;
				ASSETCATALOG_COMPILER_GLOBAL_ACCENT_COLOR_NAME = AccentColor;
				CODE_SIGN_STYLE = Automatic;
				CURRENT_PROJECT_VERSION = 1;
				DEVELOPMENT_TEAM = QL4PG3Q6D4;
				GENERATE_INFOPLIST_FILE = YES;
				INFOPLIST_FILE = AccessibilityExample/Info.plist;
				INFOPLIST_KEY_UIApplicationSupportsIndirectInputEvents = YES;
				INFOPLIST_KEY_UILaunchStoryboardName = LaunchScreen;
				INFOPLIST_KEY_UIMainStoryboardFile = Main;
				INFOPLIST_KEY_UISupportedInterfaceOrientations_iPad = "UIInterfaceOrientationPortrait UIInterfaceOrientationPortraitUpsideDown UIInterfaceOrientationLandscapeLeft UIInterfaceOrientationLandscapeRight";
				INFOPLIST_KEY_UISupportedInterfaceOrientations_iPhone = "UIInterfaceOrientationPortrait UIInterfaceOrientationLandscapeLeft UIInterfaceOrientationLandscapeRight";
				INFOPLIST_KEY_UIUserInterfaceStyle = Light;
				LD_RUNPATH_SEARCH_PATHS = (
					"$(inherited)",
					"@executable_path/Frameworks",
				);
				MARKETING_VERSION = 1.0;
				PRODUCT_BUNDLE_IDENTIFIER = com.nelsoft.AccessibilityExample;
				PRODUCT_NAME = "$(TARGET_NAME)";
				SWIFT_EMIT_LOC_STRINGS = YES;
				SWIFT_VERSION = 5.0;
				TARGETED_DEVICE_FAMILY = "1,2";
			};
			name = Release;
		};
/* End XCBuildConfiguration section */

/* Begin XCConfigurationList section */
		63D0302A2A07B36E0099D399 /* Build configuration list for PBXProject "AccessibilityExample" */ = {
			isa = XCConfigurationList;
			buildConfigurations = (
				63D030412A07B36F0099D399 /* Debug */,
				63D030422A07B36F0099D399 /* Release */,
			);
			defaultConfigurationIsVisible = 0;
			defaultConfigurationName = Release;
		};
		63D030432A07B36F0099D399 /* Build configuration list for PBXNativeTarget "AccessibilityExample" */ = {
			isa = XCConfigurationList;
			buildConfigurations = (
				63D030442A07B36F0099D399 /* Debug */,
				63D030452A07B36F0099D399 /* Release */,
			);
			defaultConfigurationIsVisible = 0;
			defaultConfigurationName = Release;
		};
/* End XCConfigurationList section */

/* Begin XCRemoteSwiftPackageReference section */
		63D0305C2A0960AF0099D399 /* XCRemoteSwiftPackageReference "Charts" */ = {
			isa = XCRemoteSwiftPackageReference;
			repositoryURL = "https://github.com/danielgindi/Charts.git";
			requirement = {
				kind = upToNextMajorVersion;
				minimumVersion = 4.1.0;
			};
		};
/* End XCRemoteSwiftPackageReference section */

/* Begin XCSwiftPackageProductDependency section */
		63D0305D2A0960AF0099D399 /* Charts */ = {
			isa = XCSwiftPackageProductDependency;
			package = 63D0305C2A0960AF0099D399 /* XCRemoteSwiftPackageReference "Charts" */;
			productName = Charts;
		};
/* End XCSwiftPackageProductDependency section */
	};
	rootObject = 63D030272A07B36E0099D399 /* Project object */;
}
